
Microsoft Visual Studio Solution File, Format Version 12.00
# Visual Studio 15
Project("{FAE04EC0-301F-11D3-BF4B-00C04F79EFBC}") = "Assembly-CSharp", "Assembly-CSharp.csproj", "{691B98D6-E407-48E7-E6A1-9B60707DE6FE}"
EndProject
Project("{FAE04EC0-301F-11D3-BF4B-00C04F79EFBC}") = "SteamVR", "SteamVR.csproj", "{333121A0-2437-334C-99FB-D7F3F47ED205}"
EndProject
Project("{FAE04EC0-301F-11D3-BF4B-00C04F79EFBC}") = "Assembly-CSharp-firstpass", "Assembly-CSharp-firstpass.csproj", "{7BB63793-8B16-72BB-57B0-FDD739097FE0}"
EndProject
Project("{FAE04EC0-301F-11D3-BF4B-00C04F79EFBC}") = "SteamVR_Actions", "SteamVR_Actions.csproj", "{31437B17-FBC6-5132-0128-2440D1C621A0}"
EndProject
Project("{FAE04EC0-301F-11D3-BF4B-00C04F79EFBC}") = "Assembly-CSharp-Editor-firstpass", "Assembly-CSharp-Editor-firstpass.csproj", "{95A9CA3B-4A35-3FE7-D4B0-5AC99FE786E7}"
EndProject
Project("{FAE04EC0-301F-11D3-BF4B-00C04F79EFBC}") = "SteamVR_Editor", "SteamVR_Editor.csproj", "{40365367-7753-B7FE-E0F8-8F5F5F758904}"
EndProject
Project("{FAE04EC0-301F-11D3-BF4B-00C04F79EFBC}") = "Assembly-CSharp-Editor", "Assembly-CSharp-Editor.csproj", "{8FABE281-A870-6C31-D905-84573E8D91DC}"
EndProject
Project("{FAE04EC0-301F-11D3-BF4B-00C04F79EFBC}") = "SteamVR_Input_Editor", "SteamVR_Input_Editor.csproj", "{ED2EDF60-ABB6-98C2-A856-C5992F922109}"
EndProject
Project("{FAE04EC0-301F-11D3-BF4B-00C04F79EFBC}") = "SteamVR_Windows_EditorHelper", "SteamVR_Windows_EditorHelper.csproj", "{E48B2BCE-22EC-7669-898F-C8A9D86A2F51}"
EndProject
Global
	GlobalSection(SolutionConfigurationPlatforms) = preSolution
		Debug|Any CPU = Debug|Any CPU
		Release|Any CPU = Release|Any CPU
	EndGlobalSection
	GlobalSection(ProjectConfigurationPlatforms) = postSolution
		{691B98D6-E407-48E7-E6A1-9B60707DE6FE}.Debug|Any CPU.ActiveCfg = Debug|Any CPU
		{691B98D6-E407-48E7-E6A1-9B60707DE6FE}.Debug|Any CPU.Build.0 = Debug|Any CPU
		{691B98D6-E407-48E7-E6A1-9B60707DE6FE}.Release|Any CPU.ActiveCfg = Release|Any CPU
		{691B98D6-E407-48E7-E6A1-9B60707DE6FE}.Release|Any CPU.Build.0 = Release|Any CPU
		{333121A0-2437-334C-99FB-D7F3F47ED205}.Debug|Any CPU.ActiveCfg = Debug|Any CPU
		{333121A0-2437-334C-99FB-D7F3F47ED205}.Debug|Any CPU.Build.0 = Debug|Any CPU
		{333121A0-2437-334C-99FB-D7F3F47ED205}.Release|Any CPU.ActiveCfg = Release|Any CPU
		{333121A0-2437-334C-99FB-D7F3F47ED205}.Release|Any CPU.Build.0 = Release|Any CPU
		{7BB63793-8B16-72BB-57B0-FDD739097FE0}.Debug|Any CPU.ActiveCfg = Debug|Any CPU
		{7BB63793-8B16-72BB-57B0-FDD739097FE0}.Debug|Any CPU.Build.0 = Debug|Any CPU
		{7BB63793-8B16-72BB-57B0-FDD739097FE0}.Release|Any CPU.ActiveCfg = Release|Any CPU
		{7BB63793-8B16-72BB-57B0-FDD739097FE0}.Release|Any CPU.Build.0 = Release|Any CPU
		{31437B17-FBC6-5132-0128-2440D1C621A0}.Debug|Any CPU.ActiveCfg = Debug|Any CPU
		{31437B17-FBC6-5132-0128-2440D1C621A0}.Debug|Any CPU.Build.0 = Debug|Any CPU
		{31437B17-FBC6-5132-0128-2440D1C621A0}.Release|Any CPU.ActiveCfg = Release|Any CPU
		{31437B17-FBC6-5132-0128-2440D1C621A0}.Release|Any CPU.Build.0 = Release|Any CPU
		{95A9CA3B-4A35-3FE7-D4B0-5AC99FE786E7}.Debug|Any CPU.ActiveCfg = Debug|Any CPU
		{95A9CA3B-4A35-3FE7-D4B0-5AC99FE786E7}.Debug|Any CPU.Build.0 = Debug|Any CPU
		{95A9CA3B-4A35-3FE7-D4B0-5AC99FE786E7}.Release|Any CPU.ActiveCfg = Release|Any CPU
		{95A9CA3B-4A35-3FE7-D4B0-5AC99FE786E7}.Release|Any CPU.Build.0 = Release|Any CPU
		{40365367-7753-B7FE-E0F8-8F5F5F758904}.Debug|Any CPU.ActiveCfg = Debug|Any CPU
		{40365367-7753-B7FE-E0F8-8F5F5F758904}.Debug|Any CPU.Build.0 = Debug|Any CPU
		{40365367-7753-B7FE-E0F8-8F5F5F758904}.Release|Any CPU.ActiveCfg = Release|Any CPU
		{40365367-7753-B7FE-E0F8-8F5F5F758904}.Release|Any CPU.Build.0 = Release|Any CPU
		{8FABE281-A870-6C31-D905-84573E8D91DC}.Debug|Any CPU.ActiveCfg = Debug|Any CPU
		{8FABE281-A870-6C31-D905-84573E8D91DC}.Debug|Any CPU.Build.0 = Debug|Any CPU
		{8FABE281-A870-6C31-D905-84573E8D91DC}.Release|Any CPU.ActiveCfg = Release|Any CPU
		{8FABE281-A870-6C31-D905-84573E8D91DC}.Release|Any CPU.Build.0 = Release|Any CPU
		{ED2EDF60-ABB6-98C2-A856-C5992F922109}.Debug|Any CPU.ActiveCfg = Debug|Any CPU
		{ED2EDF60-ABB6-98C2-A856-C5992F922109}.Debug|Any CPU.Build.0 = Debug|Any CPU
		{ED2EDF60-ABB6-98C2-A856-C5992F922109}.Release|Any CPU.ActiveCfg = Release|Any CPU
		{ED2EDF60-ABB6-98C2-A856-C5992F922109}.Release|Any CPU.Build.0 = Release|Any CPU
		{E48B2BCE-22EC-7669-898F-C8A9D86A2F51}.Debug|Any CPU.ActiveCfg = Debug|Any CPU
		{E48B2BCE-22EC-7669-898F-C8A9D86A2F51}.Debug|Any CPU.Build.0 = Debug|Any CPU
		{E48B2BCE-22EC-7669-898F-C8A9D86A2F51}.Release|Any CPU.ActiveCfg = Release|Any CPU
		{E48B2BCE-22EC-7669-898F-C8A9D86A2F51}.Release|Any CPU.Build.0 = Release|Any CPU
	EndGlobalSection
	GlobalSection(SolutionProperties) = preSolution
		HideSolutionNode = FALSE
	EndGlobalSection
EndGlobal
